
Microsoft Visual Studio Solution File, Format Version 12.00
# Visual Studio 2012
Project("{2150E333-8FDC-42A3-9474-1A3956D46DE8}") = "ORM", "ORM", "{18F008D4-ECAA-4B4A-B907-9F75412290C6}"
EndProject
Project("{2150E333-8FDC-42A3-9474-1A3956D46DE8}") = "Solution Items", "Solution Items", "{CDCEB122-AA37-4AB1-A4D4-F19F395448E3}"
	ProjectSection(SolutionItems) = preProject
		ProjectOutlines.md = ProjectOutlines.md
	EndProjectSection
EndProject
Project("{FAE04EC0-301F-11D3-BF4B-00C04F79EFBC}") = "XPOSample01", "src\ORM\XPOSample01\XPOSample01.csproj", "{87DBA34A-C2AA-456A-AEC2-45CDCCB79AFE}"
EndProject
Project("{FAE04EC0-301F-11D3-BF4B-00C04F79EFBC}") = "XPOSample02", "src\ORM\XPOSample02\XPOSample02.csproj", "{90D24658-FDDD-4ED0-B39D-900B1C8CB326}"
EndProject
Project("{FAE04EC0-301F-11D3-BF4B-00C04F79EFBC}") = "XPOSample03", "src\ORM\XPOSample03\XPOSample03.csproj", "{4D6DEC43-0195-4D47-AB56-E7AD8326B3CD}"
EndProject
Global
	GlobalSection(SolutionConfigurationPlatforms) = preSolution
		Debug|Any CPU = Debug|Any CPU
		Release|Any CPU = Release|Any CPU
	EndGlobalSection
	GlobalSection(ProjectConfigurationPlatforms) = postSolution
		{87DBA34A-C2AA-456A-AEC2-45CDCCB79AFE}.Debug|Any CPU.ActiveCfg = Debug|Any CPU
		{87DBA34A-C2AA-456A-AEC2-45CDCCB79AFE}.Debug|Any CPU.Build.0 = Debug|Any CPU
		{87DBA34A-C2AA-456A-AEC2-45CDCCB79AFE}.Release|Any CPU.ActiveCfg = Release|Any CPU
		{87DBA34A-C2AA-456A-AEC2-45CDCCB79AFE}.Release|Any CPU.Build.0 = Release|Any CPU
		{90D24658-FDDD-4ED0-B39D-900B1C8CB326}.Debug|Any CPU.ActiveCfg = Debug|Any CPU
		{90D24658-FDDD-4ED0-B39D-900B1C8CB326}.Debug|Any CPU.Build.0 = Debug|Any CPU
		{90D24658-FDDD-4ED0-B39D-900B1C8CB326}.Release|Any CPU.ActiveCfg = Release|Any CPU
		{90D24658-FDDD-4ED0-B39D-900B1C8CB326}.Release|Any CPU.Build.0 = Release|Any CPU
		{4D6DEC43-0195-4D47-AB56-E7AD8326B3CD}.Debug|Any CPU.ActiveCfg = Debug|Any CPU
		{4D6DEC43-0195-4D47-AB56-E7AD8326B3CD}.Debug|Any CPU.Build.0 = Debug|Any CPU
		{4D6DEC43-0195-4D47-AB56-E7AD8326B3CD}.Release|Any CPU.ActiveCfg = Release|Any CPU
		{4D6DEC43-0195-4D47-AB56-E7AD8326B3CD}.Release|Any CPU.Build.0 = Release|Any CPU
	EndGlobalSection
	GlobalSection(SolutionProperties) = preSolution
		HideSolutionNode = FALSE
	EndGlobalSection
	GlobalSection(NestedProjects) = preSolution
		{87DBA34A-C2AA-456A-AEC2-45CDCCB79AFE} = {18F008D4-ECAA-4B4A-B907-9F75412290C6}
		{90D24658-FDDD-4ED0-B39D-900B1C8CB326} = {18F008D4-ECAA-4B4A-B907-9F75412290C6}
		{4D6DEC43-0195-4D47-AB56-E7AD8326B3CD} = {18F008D4-ECAA-4B4A-B907-9F75412290C6}
	EndGlobalSection
EndGlobal
