
Microsoft Visual Studio Solution File, Format Version 12.00
# Visual Studio 2013
VisualStudioVersion = 12.0.30501.0
MinimumVisualStudioVersion = 10.0.40219.1
Project("{2150E333-8FDC-42A3-9474-1A3956D46DE8}") = "ORM", "ORM", "{18F008D4-ECAA-4B4A-B907-9F75412290C6}"
EndProject
Project("{2150E333-8FDC-42A3-9474-1A3956D46DE8}") = "Solution Items", "Solution Items", "{CDCEB122-AA37-4AB1-A4D4-F19F395448E3}"
	ProjectSection(SolutionItems) = preProject
		ProjectOutlines.md = ProjectOutlines.md
	EndProjectSection
EndProject
Project("{FAE04EC0-301F-11D3-BF4B-00C04F79EFBC}") = "XPOSample01", "src\ORM\XPOSample01\XPOSample01.csproj", "{87DBA34A-C2AA-456A-AEC2-45CDCCB79AFE}"
EndProject
Project("{FAE04EC0-301F-11D3-BF4B-00C04F79EFBC}") = "XPOSample02", "src\ORM\XPOSample02\XPOSample02.csproj", "{90D24658-FDDD-4ED0-B39D-900B1C8CB326}"
EndProject
Project("{FAE04EC0-301F-11D3-BF4B-00C04F79EFBC}") = "XPOSample03", "src\ORM\XPOSample03\XPOSample03.csproj", "{4D6DEC43-0195-4D47-AB56-E7AD8326B3CD}"
EndProject
Project("{FAE04EC0-301F-11D3-BF4B-00C04F79EFBC}") = "XPOSample04", "src\ORM\XPOSample04\XPOSample04.csproj", "{1027AC8C-8DE8-4CE7-A32C-BF1095EF6DAE}"
EndProject
Project("{FAE04EC0-301F-11D3-BF4B-00C04F79EFBC}") = "XPOSample05", "src\ORM\XPOSample05\XPOSample05.csproj", "{73B8AC28-FE45-4A2D-9EC9-34E222C6E394}"
EndProject
Project("{FAE04EC0-301F-11D3-BF4B-00C04F79EFBC}") = "XPOSample06", "src\ORM\XPOSample06\XPOSample06.csproj", "{3B32A451-A15A-4622-A074-8F0C0C559E09}"
EndProject
Project("{FAE04EC0-301F-11D3-BF4B-00C04F79EFBC}") = "XPOSample07", "src\ORM\XPOSample07\XPOSample07.csproj", "{0763DF79-CC11-4646-B6FA-FF950859D71A}"
EndProject
Project("{FAE04EC0-301F-11D3-BF4B-00C04F79EFBC}") = "XPOSample08", "src\ORM\XPOSample08\XPOSample08.csproj", "{FD2D91A9-EA95-49E4-BB0A-D7AD8413051B}"
EndProject
Project("{2150E333-8FDC-42A3-9474-1A3956D46DE8}") = "WinForms", "WinForms", "{9CB29034-A505-48CA-8D95-C42087F1FFBD}"
EndProject
Project("{2150E333-8FDC-42A3-9474-1A3956D46DE8}") = "Server", "Server", "{025A6A8E-8722-4AA2-8321-67F60D8E6F78}"
EndProject
Project("{FAE04EC0-301F-11D3-BF4B-00C04F79EFBC}") = "DXample.Server.Interfaces", "src\Server\DXample.Server.Interfaces\DXample.Server.Interfaces.csproj", "{E07D3DD4-3409-44FF-8CE5-D8E8D5581E34}"
EndProject
Project("{FAE04EC0-301F-11D3-BF4B-00C04F79EFBC}") = "DXample.Server", "src\Server\DXample.Server\DXample.Server.csproj", "{7C14DD34-3878-4C36-BB2F-D35491C65CCD}"
EndProject
Project("{FAE04EC0-301F-11D3-BF4B-00C04F79EFBC}") = "DXample.Server.UI", "src\Server\DXample.Server.UI\DXample.Server.UI.csproj", "{144670CB-6396-488C-A76D-2E03A3B69E78}"
EndProject
Project("{FAE04EC0-301F-11D3-BF4B-00C04F79EFBC}") = "DXample.Server.Tests", "src\Server\DXample.Server.Tests\DXample.Server.Tests.csproj", "{05630D66-821C-4E3D-A09F-3040E0BC8ED5}"
EndProject
Project("{2150E333-8FDC-42A3-9474-1A3956D46DE8}") = ".nuget", ".nuget", "{164E13AF-0F10-41BF-88A2-2B7A7B368E6C}"
	ProjectSection(SolutionItems) = preProject
		.nuget\packages.config = .nuget\packages.config
	EndProjectSection
EndProject
Project("{FAE04EC0-301F-11D3-BF4B-00C04F79EFBC}") = "DXample.WinForms.SimpleButtonSample", "src\WinForms\DXample.WinForms.SimpleButtonSample\DXample.WinForms.SimpleButtonSample.csproj", "{62E83AF0-691C-4271-82FC-466701A6BA9F}"
EndProject
Global
	GlobalSection(SolutionConfigurationPlatforms) = preSolution
		Debug|Any CPU = Debug|Any CPU
		Release|Any CPU = Release|Any CPU
	EndGlobalSection
	GlobalSection(ProjectConfigurationPlatforms) = postSolution
		{87DBA34A-C2AA-456A-AEC2-45CDCCB79AFE}.Debug|Any CPU.ActiveCfg = Debug|Any CPU
		{87DBA34A-C2AA-456A-AEC2-45CDCCB79AFE}.Debug|Any CPU.Build.0 = Debug|Any CPU
		{87DBA34A-C2AA-456A-AEC2-45CDCCB79AFE}.Release|Any CPU.ActiveCfg = Release|Any CPU
		{87DBA34A-C2AA-456A-AEC2-45CDCCB79AFE}.Release|Any CPU.Build.0 = Release|Any CPU
		{90D24658-FDDD-4ED0-B39D-900B1C8CB326}.Debug|Any CPU.ActiveCfg = Debug|Any CPU
		{90D24658-FDDD-4ED0-B39D-900B1C8CB326}.Debug|Any CPU.Build.0 = Debug|Any CPU
		{90D24658-FDDD-4ED0-B39D-900B1C8CB326}.Release|Any CPU.ActiveCfg = Release|Any CPU
		{90D24658-FDDD-4ED0-B39D-900B1C8CB326}.Release|Any CPU.Build.0 = Release|Any CPU
		{4D6DEC43-0195-4D47-AB56-E7AD8326B3CD}.Debug|Any CPU.ActiveCfg = Debug|Any CPU
		{4D6DEC43-0195-4D47-AB56-E7AD8326B3CD}.Debug|Any CPU.Build.0 = Debug|Any CPU
		{4D6DEC43-0195-4D47-AB56-E7AD8326B3CD}.Release|Any CPU.ActiveCfg = Release|Any CPU
		{4D6DEC43-0195-4D47-AB56-E7AD8326B3CD}.Release|Any CPU.Build.0 = Release|Any CPU
		{1027AC8C-8DE8-4CE7-A32C-BF1095EF6DAE}.Debug|Any CPU.ActiveCfg = Debug|Any CPU
		{1027AC8C-8DE8-4CE7-A32C-BF1095EF6DAE}.Debug|Any CPU.Build.0 = Debug|Any CPU
		{1027AC8C-8DE8-4CE7-A32C-BF1095EF6DAE}.Release|Any CPU.ActiveCfg = Release|Any CPU
		{1027AC8C-8DE8-4CE7-A32C-BF1095EF6DAE}.Release|Any CPU.Build.0 = Release|Any CPU
		{73B8AC28-FE45-4A2D-9EC9-34E222C6E394}.Debug|Any CPU.ActiveCfg = Debug|Any CPU
		{73B8AC28-FE45-4A2D-9EC9-34E222C6E394}.Debug|Any CPU.Build.0 = Debug|Any CPU
		{73B8AC28-FE45-4A2D-9EC9-34E222C6E394}.Release|Any CPU.ActiveCfg = Release|Any CPU
		{73B8AC28-FE45-4A2D-9EC9-34E222C6E394}.Release|Any CPU.Build.0 = Release|Any CPU
		{3B32A451-A15A-4622-A074-8F0C0C559E09}.Debug|Any CPU.ActiveCfg = Debug|Any CPU
		{3B32A451-A15A-4622-A074-8F0C0C559E09}.Debug|Any CPU.Build.0 = Debug|Any CPU
		{3B32A451-A15A-4622-A074-8F0C0C559E09}.Release|Any CPU.ActiveCfg = Release|Any CPU
		{3B32A451-A15A-4622-A074-8F0C0C559E09}.Release|Any CPU.Build.0 = Release|Any CPU
		{0763DF79-CC11-4646-B6FA-FF950859D71A}.Debug|Any CPU.ActiveCfg = Debug|Any CPU
		{0763DF79-CC11-4646-B6FA-FF950859D71A}.Debug|Any CPU.Build.0 = Debug|Any CPU
		{0763DF79-CC11-4646-B6FA-FF950859D71A}.Release|Any CPU.ActiveCfg = Release|Any CPU
		{0763DF79-CC11-4646-B6FA-FF950859D71A}.Release|Any CPU.Build.0 = Release|Any CPU
		{FD2D91A9-EA95-49E4-BB0A-D7AD8413051B}.Debug|Any CPU.ActiveCfg = Debug|Any CPU
		{FD2D91A9-EA95-49E4-BB0A-D7AD8413051B}.Debug|Any CPU.Build.0 = Debug|Any CPU
		{FD2D91A9-EA95-49E4-BB0A-D7AD8413051B}.Release|Any CPU.ActiveCfg = Release|Any CPU
		{FD2D91A9-EA95-49E4-BB0A-D7AD8413051B}.Release|Any CPU.Build.0 = Release|Any CPU
		{E07D3DD4-3409-44FF-8CE5-D8E8D5581E34}.Debug|Any CPU.ActiveCfg = Debug|Any CPU
		{E07D3DD4-3409-44FF-8CE5-D8E8D5581E34}.Debug|Any CPU.Build.0 = Debug|Any CPU
		{E07D3DD4-3409-44FF-8CE5-D8E8D5581E34}.Release|Any CPU.ActiveCfg = Release|Any CPU
		{E07D3DD4-3409-44FF-8CE5-D8E8D5581E34}.Release|Any CPU.Build.0 = Release|Any CPU
		{7C14DD34-3878-4C36-BB2F-D35491C65CCD}.Debug|Any CPU.ActiveCfg = Debug|Any CPU
		{7C14DD34-3878-4C36-BB2F-D35491C65CCD}.Debug|Any CPU.Build.0 = Debug|Any CPU
		{7C14DD34-3878-4C36-BB2F-D35491C65CCD}.Release|Any CPU.ActiveCfg = Release|Any CPU
		{7C14DD34-3878-4C36-BB2F-D35491C65CCD}.Release|Any CPU.Build.0 = Release|Any CPU
		{144670CB-6396-488C-A76D-2E03A3B69E78}.Debug|Any CPU.ActiveCfg = Debug|Any CPU
		{144670CB-6396-488C-A76D-2E03A3B69E78}.Debug|Any CPU.Build.0 = Debug|Any CPU
		{144670CB-6396-488C-A76D-2E03A3B69E78}.Release|Any CPU.ActiveCfg = Release|Any CPU
		{144670CB-6396-488C-A76D-2E03A3B69E78}.Release|Any CPU.Build.0 = Release|Any CPU
		{05630D66-821C-4E3D-A09F-3040E0BC8ED5}.Debug|Any CPU.ActiveCfg = Debug|Any CPU
		{05630D66-821C-4E3D-A09F-3040E0BC8ED5}.Debug|Any CPU.Build.0 = Debug|Any CPU
		{05630D66-821C-4E3D-A09F-3040E0BC8ED5}.Release|Any CPU.ActiveCfg = Release|Any CPU
		{05630D66-821C-4E3D-A09F-3040E0BC8ED5}.Release|Any CPU.Build.0 = Release|Any CPU
		{62E83AF0-691C-4271-82FC-466701A6BA9F}.Debug|Any CPU.ActiveCfg = Debug|Any CPU
		{62E83AF0-691C-4271-82FC-466701A6BA9F}.Debug|Any CPU.Build.0 = Debug|Any CPU
		{62E83AF0-691C-4271-82FC-466701A6BA9F}.Release|Any CPU.ActiveCfg = Release|Any CPU
		{62E83AF0-691C-4271-82FC-466701A6BA9F}.Release|Any CPU.Build.0 = Release|Any CPU
	EndGlobalSection
	GlobalSection(SolutionProperties) = preSolution
		HideSolutionNode = FALSE
	EndGlobalSection
	GlobalSection(NestedProjects) = preSolution
		{87DBA34A-C2AA-456A-AEC2-45CDCCB79AFE} = {18F008D4-ECAA-4B4A-B907-9F75412290C6}
		{90D24658-FDDD-4ED0-B39D-900B1C8CB326} = {18F008D4-ECAA-4B4A-B907-9F75412290C6}
		{4D6DEC43-0195-4D47-AB56-E7AD8326B3CD} = {18F008D4-ECAA-4B4A-B907-9F75412290C6}
		{1027AC8C-8DE8-4CE7-A32C-BF1095EF6DAE} = {18F008D4-ECAA-4B4A-B907-9F75412290C6}
		{73B8AC28-FE45-4A2D-9EC9-34E222C6E394} = {18F008D4-ECAA-4B4A-B907-9F75412290C6}
		{3B32A451-A15A-4622-A074-8F0C0C559E09} = {18F008D4-ECAA-4B4A-B907-9F75412290C6}
		{0763DF79-CC11-4646-B6FA-FF950859D71A} = {18F008D4-ECAA-4B4A-B907-9F75412290C6}
		{FD2D91A9-EA95-49E4-BB0A-D7AD8413051B} = {18F008D4-ECAA-4B4A-B907-9F75412290C6}
		{E07D3DD4-3409-44FF-8CE5-D8E8D5581E34} = {025A6A8E-8722-4AA2-8321-67F60D8E6F78}
		{7C14DD34-3878-4C36-BB2F-D35491C65CCD} = {025A6A8E-8722-4AA2-8321-67F60D8E6F78}
		{144670CB-6396-488C-A76D-2E03A3B69E78} = {025A6A8E-8722-4AA2-8321-67F60D8E6F78}
		{05630D66-821C-4E3D-A09F-3040E0BC8ED5} = {025A6A8E-8722-4AA2-8321-67F60D8E6F78}
		{62E83AF0-691C-4271-82FC-466701A6BA9F} = {9CB29034-A505-48CA-8D95-C42087F1FFBD}
	EndGlobalSection
EndGlobal
